// !$*UTF8*$!
{
	archiveVersion = 1;
	classes = {
	};
	objectVersion = 46;
	objects = {

/* Begin PBXBuildFile section */
		8B587E721E6851E900DBA276 /* AppDelegate.swift in Sources */ = {isa = PBXBuildFile; fileRef = 8B587E711E6851E900DBA276 /* AppDelegate.swift */; };
		8B587E741E6851E900DBA276 /* ViewController.swift in Sources */ = {isa = PBXBuildFile; fileRef = 8B587E731E6851E900DBA276 /* ViewController.swift */; };
		8B587E771E6851E900DBA276 /* Main.storyboard in Resources */ = {isa = PBXBuildFile; fileRef = 8B587E751E6851E900DBA276 /* Main.storyboard */; };
		8B587E791E6851E900DBA276 /* Assets.xcassets in Resources */ = {isa = PBXBuildFile; fileRef = 8B587E781E6851E900DBA276 /* Assets.xcassets */; };
		8B587E7C1E6851E900DBA276 /* LaunchScreen.storyboard in Resources */ = {isa = PBXBuildFile; fileRef = 8B587E7A1E6851E900DBA276 /* LaunchScreen.storyboard */; };
		8B587E871E6851E900DBA276 /* Application_de_oufTests.swift in Sources */ = {isa = PBXBuildFile; fileRef = 8B587E861E6851E900DBA276 /* Application_de_oufTests.swift */; };
		8B587E921E6851E900DBA276 /* Application_de_oufUITests.swift in Sources */ = {isa = PBXBuildFile; fileRef = 8B587E911E6851E900DBA276 /* Application_de_oufUITests.swift */; };
		8B7F09201E83E26E00C12BE7 /* PickerViewController.swift in Sources */ = {isa = PBXBuildFile; fileRef = 8B7F091F1E83E26E00C12BE7 /* PickerViewController.swift */; };
		8B99E3E31E83CD6F00B874C3 /* Metier.swift in Sources */ = {isa = PBXBuildFile; fileRef = 8B99E3E21E83CD6F00B874C3 /* Metier.swift */; };
		8B99E3E51E83D14100B874C3 /* Guerrier.swift in Sources */ = {isa = PBXBuildFile; fileRef = 8B99E3E41E83D14100B874C3 /* Guerrier.swift */; };
		8B99E3E71E83DEAE00B874C3 /* Mage.swift in Sources */ = {isa = PBXBuildFile; fileRef = 8B99E3E61E83DEAE00B874C3 /* Mage.swift */; };
		8B99E3E91E83DF3B00B874C3 /* Assassin.swift in Sources */ = {isa = PBXBuildFile; fileRef = 8B99E3E81E83DF3B00B874C3 /* Assassin.swift */; };
		8B99E3EB1E83DF7A00B874C3 /* Voleur.swift in Sources */ = {isa = PBXBuildFile; fileRef = 8B99E3EA1E83DF7A00B874C3 /* Voleur.swift */; };
		8B99E3ED1E83DFA200B874C3 /* Pretre.swift in Sources */ = {isa = PBXBuildFile; fileRef = 8B99E3EC1E83DFA200B874C3 /* Pretre.swift */; };
		8B99E3EF1E83DFD100B874C3 /* Paladin.swift in Sources */ = {isa = PBXBuildFile; fileRef = 8B99E3EE1E83DFD100B874C3 /* Paladin.swift */; };
		8B99E3F11E83DFF400B874C3 /* Ranger.swift in Sources */ = {isa = PBXBuildFile; fileRef = 8B99E3F01E83DFF400B874C3 /* Ranger.swift */; };
		8B99E3F31E83E01C00B874C3 /* Menestrel.swift in Sources */ = {isa = PBXBuildFile; fileRef = 8B99E3F21E83E01C00B874C3 /* Menestrel.swift */; };
		8B99E3F51E83E03900B874C3 /* Pirate.swift in Sources */ = {isa = PBXBuildFile; fileRef = 8B99E3F41E83E03900B874C3 /* Pirate.swift */; };
		8B99E3F71E83E06000B874C3 /* Marchand.swift in Sources */ = {isa = PBXBuildFile; fileRef = 8B99E3F61E83E06000B874C3 /* Marchand.swift */; };
		8B99E3F91E83E08600B874C3 /* Ingenieur.swift in Sources */ = {isa = PBXBuildFile; fileRef = 8B99E3F81E83E08600B874C3 /* Ingenieur.swift */; };
		8B99E3FB1E83E0A900B874C3 /* Noble.swift in Sources */ = {isa = PBXBuildFile; fileRef = 8B99E3FA1E83E0A900B874C3 /* Noble.swift */; };
		8BA1CD7C1E7BEECF00565F9F /* Statistique.swift in Sources */ = {isa = PBXBuildFile; fileRef = 8BA1CD7B1E7BEECF00565F9F /* Statistique.swift */; };
		8BA1CD7E1E7BF28300565F9F /* Origin.swift in Sources */ = {isa = PBXBuildFile; fileRef = 8BA1CD7D1E7BF28300565F9F /* Origin.swift */; };
		8BA1CD801E7BFC9F00565F9F /* Humain.swift in Sources */ = {isa = PBXBuildFile; fileRef = 8BA1CD7F1E7BFC9F00565F9F /* Humain.swift */; };
		8BA1CD821E83DDC300565F9F /* Barbare.swift in Sources */ = {isa = PBXBuildFile; fileRef = 8BA1CD811E83DDC300565F9F /* Barbare.swift */; };
		8BA1CD841E83DE2400565F9F /* Nain.swift in Sources */ = {isa = PBXBuildFile; fileRef = 8BA1CD831E83DE2400565F9F /* Nain.swift */; };
		8BA1CD861E83DEBD00565F9F /* HautElfe.swift in Sources */ = {isa = PBXBuildFile; fileRef = 8BA1CD851E83DEBD00565F9F /* HautElfe.swift */; };
		8BA1CD881E83DFBA00565F9F /* DemiElfe.swift in Sources */ = {isa = PBXBuildFile; fileRef = 8BA1CD871E83DFBA00565F9F /* DemiElfe.swift */; };
		8BA1CD8A1E83E01100565F9F /* ElfeSylvain.swift in Sources */ = {isa = PBXBuildFile; fileRef = 8BA1CD891E83E01100565F9F /* ElfeSylvain.swift */; };
		8BA1CD8C1E83E05C00565F9F /* ElfeNoir.swift in Sources */ = {isa = PBXBuildFile; fileRef = 8BA1CD8B1E83E05C00565F9F /* ElfeNoir.swift */; };
		8BA1CD8E1E83E0AC00565F9F /* Orque.swift in Sources */ = {isa = PBXBuildFile; fileRef = 8BA1CD8D1E83E0AC00565F9F /* Orque.swift */; };
		8BA1CD901E83E10500565F9F /* DemiOrque.swift in Sources */ = {isa = PBXBuildFile; fileRef = 8BA1CD8F1E83E10500565F9F /* DemiOrque.swift */; };
		8BA1CD921E83E16100565F9F /* Gobelin.swift in Sources */ = {isa = PBXBuildFile; fileRef = 8BA1CD911E83E16100565F9F /* Gobelin.swift */; };
		8BA1CD941E83E1E800565F9F /* SemieHomme.swift in Sources */ = {isa = PBXBuildFile; fileRef = 8BA1CD931E83E1E800565F9F /* SemieHomme.swift */; };
		8BA1CD961E83E23A00565F9F /* Ogre.swift in Sources */ = {isa = PBXBuildFile; fileRef = 8BA1CD951E83E23A00565F9F /* Ogre.swift */; };
		8BA1CD981E83E28700565F9F /* Gnome.swift in Sources */ = {isa = PBXBuildFile; fileRef = 8BA1CD971E83E28700565F9F /* Gnome.swift */; };
/* End PBXBuildFile section */

/* Begin PBXContainerItemProxy section */
		8B587E831E6851E900DBA276 /* PBXContainerItemProxy */ = {
			isa = PBXContainerItemProxy;
			containerPortal = 8B587E661E6851E000DBA276 /* Project object */;
			proxyType = 1;
			remoteGlobalIDString = 8B587E6D1E6851E000DBA276;
			remoteInfo = "Application de ouf";
		};
		8B587E8E1E6851E900DBA276 /* PBXContainerItemProxy */ = {
			isa = PBXContainerItemProxy;
			containerPortal = 8B587E661E6851E000DBA276 /* Project object */;
			proxyType = 1;
			remoteGlobalIDString = 8B587E6D1E6851E000DBA276;
			remoteInfo = "Application de ouf";
		};
/* End PBXContainerItemProxy section */

/* Begin PBXFileReference section */
		8B587E6E1E6851E900DBA276 /* Application de ouf.app */ = {isa = PBXFileReference; explicitFileType = wrapper.application; includeInIndex = 0; path = "Application de ouf.app"; sourceTree = BUILT_PRODUCTS_DIR; };
		8B587E711E6851E900DBA276 /* AppDelegate.swift */ = {isa = PBXFileReference; lastKnownFileType = sourcecode.swift; path = AppDelegate.swift; sourceTree = "<group>"; };
		8B587E731E6851E900DBA276 /* ViewController.swift */ = {isa = PBXFileReference; lastKnownFileType = sourcecode.swift; path = ViewController.swift; sourceTree = "<group>"; };
		8B587E761E6851E900DBA276 /* Base */ = {isa = PBXFileReference; lastKnownFileType = file.storyboard; name = Base; path = Base.lproj/Main.storyboard; sourceTree = "<group>"; };
		8B587E781E6851E900DBA276 /* Assets.xcassets */ = {isa = PBXFileReference; lastKnownFileType = folder.assetcatalog; path = Assets.xcassets; sourceTree = "<group>"; };
		8B587E7B1E6851E900DBA276 /* Base */ = {isa = PBXFileReference; lastKnownFileType = file.storyboard; name = Base; path = Base.lproj/LaunchScreen.storyboard; sourceTree = "<group>"; };
		8B587E7D1E6851E900DBA276 /* Info.plist */ = {isa = PBXFileReference; lastKnownFileType = text.plist.xml; path = Info.plist; sourceTree = "<group>"; };
		8B587E821E6851E900DBA276 /* Application de oufTests.xctest */ = {isa = PBXFileReference; explicitFileType = wrapper.cfbundle; includeInIndex = 0; path = "Application de oufTests.xctest"; sourceTree = BUILT_PRODUCTS_DIR; };
		8B587E861E6851E900DBA276 /* Application_de_oufTests.swift */ = {isa = PBXFileReference; lastKnownFileType = sourcecode.swift; path = Application_de_oufTests.swift; sourceTree = "<group>"; };
		8B587E881E6851E900DBA276 /* Info.plist */ = {isa = PBXFileReference; lastKnownFileType = text.plist.xml; path = Info.plist; sourceTree = "<group>"; };
		8B587E8D1E6851E900DBA276 /* Application de oufUITests.xctest */ = {isa = PBXFileReference; explicitFileType = wrapper.cfbundle; includeInIndex = 0; path = "Application de oufUITests.xctest"; sourceTree = BUILT_PRODUCTS_DIR; };
		8B587E911E6851E900DBA276 /* Application_de_oufUITests.swift */ = {isa = PBXFileReference; lastKnownFileType = sourcecode.swift; path = Application_de_oufUITests.swift; sourceTree = "<group>"; };
		8B587E931E6851EA00DBA276 /* Info.plist */ = {isa = PBXFileReference; lastKnownFileType = text.plist.xml; path = Info.plist; sourceTree = "<group>"; };
		8B7F091F1E83E26E00C12BE7 /* PickerViewController.swift */ = {isa = PBXFileReference; fileEncoding = 4; lastKnownFileType = sourcecode.swift; path = PickerViewController.swift; sourceTree = "<group>"; };
		8B99E3E21E83CD6F00B874C3 /* Metier.swift */ = {isa = PBXFileReference; fileEncoding = 4; lastKnownFileType = sourcecode.swift; path = Metier.swift; sourceTree = "<group>"; };
		8B99E3E41E83D14100B874C3 /* Guerrier.swift */ = {isa = PBXFileReference; fileEncoding = 4; lastKnownFileType = sourcecode.swift; path = Guerrier.swift; sourceTree = "<group>"; };
		8B99E3E61E83DEAE00B874C3 /* Mage.swift */ = {isa = PBXFileReference; fileEncoding = 4; lastKnownFileType = sourcecode.swift; name = Mage.swift; path = "Application de ouf/Class/Mage.swift"; sourceTree = "<group>"; };
		8B99E3E81E83DF3B00B874C3 /* Assassin.swift */ = {isa = PBXFileReference; fileEncoding = 4; lastKnownFileType = sourcecode.swift; name = Assassin.swift; path = "Application de ouf/Class/Assassin.swift"; sourceTree = "<group>"; };
		8B99E3EA1E83DF7A00B874C3 /* Voleur.swift */ = {isa = PBXFileReference; fileEncoding = 4; lastKnownFileType = sourcecode.swift; name = Voleur.swift; path = "Application de ouf/Class/Voleur.swift"; sourceTree = "<group>"; };
		8B99E3EC1E83DFA200B874C3 /* Pretre.swift */ = {isa = PBXFileReference; fileEncoding = 4; lastKnownFileType = sourcecode.swift; name = Pretre.swift; path = "Application de ouf/Class/Pretre.swift"; sourceTree = "<group>"; };
		8B99E3EE1E83DFD100B874C3 /* Paladin.swift */ = {isa = PBXFileReference; fileEncoding = 4; lastKnownFileType = sourcecode.swift; name = Paladin.swift; path = "Application de ouf/Class/Paladin.swift"; sourceTree = "<group>"; };
		8B99E3F01E83DFF400B874C3 /* Ranger.swift */ = {isa = PBXFileReference; fileEncoding = 4; lastKnownFileType = sourcecode.swift; name = Ranger.swift; path = "Application de ouf/Class/Ranger.swift"; sourceTree = "<group>"; };
		8B99E3F21E83E01C00B874C3 /* Menestrel.swift */ = {isa = PBXFileReference; fileEncoding = 4; lastKnownFileType = sourcecode.swift; name = Menestrel.swift; path = "Application de ouf/Class/Menestrel.swift"; sourceTree = "<group>"; };
		8B99E3F41E83E03900B874C3 /* Pirate.swift */ = {isa = PBXFileReference; fileEncoding = 4; lastKnownFileType = sourcecode.swift; name = Pirate.swift; path = "Application de ouf/Class/Pirate.swift"; sourceTree = "<group>"; };
		8B99E3F61E83E06000B874C3 /* Marchand.swift */ = {isa = PBXFileReference; fileEncoding = 4; lastKnownFileType = sourcecode.swift; name = Marchand.swift; path = "Application de ouf/Class/Marchand.swift"; sourceTree = "<group>"; };
		8B99E3F81E83E08600B874C3 /* Ingenieur.swift */ = {isa = PBXFileReference; fileEncoding = 4; lastKnownFileType = sourcecode.swift; name = Ingenieur.swift; path = "Application de ouf/Class/Ingenieur.swift"; sourceTree = "<group>"; };
		8B99E3FA1E83E0A900B874C3 /* Noble.swift */ = {isa = PBXFileReference; fileEncoding = 4; lastKnownFileType = sourcecode.swift; name = Noble.swift; path = "Application de ouf/Class/Noble.swift"; sourceTree = "<group>"; };
		8BA1CD7B1E7BEECF00565F9F /* Statistique.swift */ = {isa = PBXFileReference; fileEncoding = 4; lastKnownFileType = sourcecode.swift; name = Statistique.swift; path = "Application de ouf/Class/Statistique.swift"; sourceTree = "<group>"; };
		8BA1CD7D1E7BF28300565F9F /* Origin.swift */ = {isa = PBXFileReference; fileEncoding = 4; lastKnownFileType = sourcecode.swift; path = Origin.swift; sourceTree = "<group>"; };
		8BA1CD7F1E7BFC9F00565F9F /* Humain.swift */ = {isa = PBXFileReference; fileEncoding = 4; lastKnownFileType = sourcecode.swift; name = Humain.swift; path = "Application de ouf/Humain.swift"; sourceTree = "<group>"; };
		8BA1CD811E83DDC300565F9F /* Barbare.swift */ = {isa = PBXFileReference; fileEncoding = 4; lastKnownFileType = sourcecode.swift; name = Barbare.swift; path = "Application de ouf/Class/Barbare.swift"; sourceTree = "<group>"; };
		8BA1CD831E83DE2400565F9F /* Nain.swift */ = {isa = PBXFileReference; fileEncoding = 4; lastKnownFileType = sourcecode.swift; name = Nain.swift; path = "Application de ouf/Class/Nain.swift"; sourceTree = "<group>"; };
		8BA1CD851E83DEBD00565F9F /* HautElfe.swift */ = {isa = PBXFileReference; fileEncoding = 4; lastKnownFileType = sourcecode.swift; name = HautElfe.swift; path = "Application de ouf/Class/HautElfe.swift"; sourceTree = "<group>"; };
		8BA1CD871E83DFBA00565F9F /* DemiElfe.swift */ = {isa = PBXFileReference; fileEncoding = 4; lastKnownFileType = sourcecode.swift; name = DemiElfe.swift; path = "Application de ouf/Class/DemiElfe.swift"; sourceTree = "<group>"; };
		8BA1CD891E83E01100565F9F /* ElfeSylvain.swift */ = {isa = PBXFileReference; fileEncoding = 4; lastKnownFileType = sourcecode.swift; name = ElfeSylvain.swift; path = "Application de ouf/Class/ElfeSylvain.swift"; sourceTree = "<group>"; };
		8BA1CD8B1E83E05C00565F9F /* ElfeNoir.swift */ = {isa = PBXFileReference; fileEncoding = 4; lastKnownFileType = sourcecode.swift; name = ElfeNoir.swift; path = "Application de ouf/Class/ElfeNoir.swift"; sourceTree = "<group>"; };
		8BA1CD8D1E83E0AC00565F9F /* Orque.swift */ = {isa = PBXFileReference; fileEncoding = 4; lastKnownFileType = sourcecode.swift; name = Orque.swift; path = "Application de ouf/Class/Orque.swift"; sourceTree = "<group>"; };
		8BA1CD8F1E83E10500565F9F /* DemiOrque.swift */ = {isa = PBXFileReference; fileEncoding = 4; lastKnownFileType = sourcecode.swift; name = DemiOrque.swift; path = "Application de ouf/Class/DemiOrque.swift"; sourceTree = "<group>"; };
		8BA1CD911E83E16100565F9F /* Gobelin.swift */ = {isa = PBXFileReference; fileEncoding = 4; lastKnownFileType = sourcecode.swift; name = Gobelin.swift; path = "Application de ouf/Class/Gobelin.swift"; sourceTree = "<group>"; };
		8BA1CD931E83E1E800565F9F /* SemieHomme.swift */ = {isa = PBXFileReference; fileEncoding = 4; lastKnownFileType = sourcecode.swift; name = SemieHomme.swift; path = "Application de ouf/Class/SemieHomme.swift"; sourceTree = "<group>"; };
		8BA1CD951E83E23A00565F9F /* Ogre.swift */ = {isa = PBXFileReference; fileEncoding = 4; lastKnownFileType = sourcecode.swift; name = Ogre.swift; path = "Application de ouf/Class/Ogre.swift"; sourceTree = "<group>"; };
		8BA1CD971E83E28700565F9F /* Gnome.swift */ = {isa = PBXFileReference; fileEncoding = 4; lastKnownFileType = sourcecode.swift; name = Gnome.swift; path = "Application de ouf/Class/Gnome.swift"; sourceTree = "<group>"; };
/* End PBXFileReference section */

/* Begin PBXFrameworksBuildPhase section */
		8B587E6B1E6851E000DBA276 /* Frameworks */ = {
			isa = PBXFrameworksBuildPhase;
			buildActionMask = 2147483647;
			files = (
			);
			runOnlyForDeploymentPostprocessing = 0;
		};
		8B587E7F1E6851E900DBA276 /* Frameworks */ = {
			isa = PBXFrameworksBuildPhase;
			buildActionMask = 2147483647;
			files = (
			);
			runOnlyForDeploymentPostprocessing = 0;
		};
		8B587E8A1E6851E900DBA276 /* Frameworks */ = {
			isa = PBXFrameworksBuildPhase;
			buildActionMask = 2147483647;
			files = (
			);
			runOnlyForDeploymentPostprocessing = 0;
		};
/* End PBXFrameworksBuildPhase section */

/* Begin PBXGroup section */
		8B587E651E6851E000DBA276 = {
			isa = PBXGroup;
			children = (
				8B587E701E6851E900DBA276 /* Application de ouf */,
				8B587E851E6851E900DBA276 /* Application de oufTests */,
				8B587E901E6851E900DBA276 /* Application de oufUITests */,
				8B587E6F1E6851E900DBA276 /* Products */,
			);
			sourceTree = "<group>";
		};
		8B587E6F1E6851E900DBA276 /* Products */ = {
			isa = PBXGroup;
			children = (
				8B587E6E1E6851E900DBA276 /* Application de ouf.app */,
				8B587E821E6851E900DBA276 /* Application de oufTests.xctest */,
				8B587E8D1E6851E900DBA276 /* Application de oufUITests.xctest */,
			);
			name = Products;
			sourceTree = "<group>";
		};
		8B587E701E6851E900DBA276 /* Application de ouf */ = {
			isa = PBXGroup;
			children = (
				8BA1CD991E83E48800565F9F /* Class */,
				8B587E711E6851E900DBA276 /* AppDelegate.swift */,
				8B587E731E6851E900DBA276 /* ViewController.swift */,
				8B587E751E6851E900DBA276 /* Main.storyboard */,
				8B587E781E6851E900DBA276 /* Assets.xcassets */,
				8B587E7A1E6851E900DBA276 /* LaunchScreen.storyboard */,
				8B587E7D1E6851E900DBA276 /* Info.plist */,
				8B7F091F1E83E26E00C12BE7 /* PickerViewController.swift */,
			);
			path = "Application de ouf";
			sourceTree = "<group>";
		};
		8B587E851E6851E900DBA276 /* Application de oufTests */ = {
			isa = PBXGroup;
			children = (
				8B587E861E6851E900DBA276 /* Application_de_oufTests.swift */,
				8B587E881E6851E900DBA276 /* Info.plist */,
			);
			path = "Application de oufTests";
			sourceTree = "<group>";
		};
		8B587E901E6851E900DBA276 /* Application de oufUITests */ = {
			isa = PBXGroup;
			children = (
				8B587E911E6851E900DBA276 /* Application_de_oufUITests.swift */,
				8B587E931E6851EA00DBA276 /* Info.plist */,
			);
			path = "Application de oufUITests";
			sourceTree = "<group>";
		};
		8BA1CD991E83E48800565F9F /* Class */ = {
			isa = PBXGroup;
			children = (
				8BA1CD971E83E28700565F9F /* Gnome.swift */,
				8BA1CD951E83E23A00565F9F /* Ogre.swift */,
				8BA1CD931E83E1E800565F9F /* SemieHomme.swift */,
				8BA1CD911E83E16100565F9F /* Gobelin.swift */,
				8BA1CD8F1E83E10500565F9F /* DemiOrque.swift */,
				8BA1CD8D1E83E0AC00565F9F /* Orque.swift */,
				8BA1CD8B1E83E05C00565F9F /* ElfeNoir.swift */,
				8BA1CD891E83E01100565F9F /* ElfeSylvain.swift */,
				8BA1CD871E83DFBA00565F9F /* DemiElfe.swift */,
				8BA1CD851E83DEBD00565F9F /* HautElfe.swift */,
				8BA1CD831E83DE2400565F9F /* Nain.swift */,
				8BA1CD811E83DDC300565F9F /* Barbare.swift */,
				8B99E3FA1E83E0A900B874C3 /* Noble.swift */,
				8B99E3F81E83E08600B874C3 /* Ingenieur.swift */,
				8B99E3F61E83E06000B874C3 /* Marchand.swift */,
				8B99E3F41E83E03900B874C3 /* Pirate.swift */,
				8B99E3F21E83E01C00B874C3 /* Menestrel.swift */,
				8B99E3F01E83DFF400B874C3 /* Ranger.swift */,
				8B99E3EE1E83DFD100B874C3 /* Paladin.swift */,
				8B99E3EC1E83DFA200B874C3 /* Pretre.swift */,
				8B99E3EA1E83DF7A00B874C3 /* Voleur.swift */,
				8B99E3E81E83DF3B00B874C3 /* Assassin.swift */,
				8B99E3E61E83DEAE00B874C3 /* Mage.swift */,
				8B99E3E41E83D14100B874C3 /* Guerrier.swift */,
				8B99E3E21E83CD6F00B874C3 /* Metier.swift */,
				8BA1CD7F1E7BFC9F00565F9F /* Humain.swift */,
				8BA1CD7D1E7BF28300565F9F /* Origin.swift */,
				8BA1CD7B1E7BEECF00565F9F /* Statistique.swift */,
			);
			name = Class;
			path = ..;
			sourceTree = "<group>";
		};
/* End PBXGroup section */

/* Begin PBXNativeTarget section */
		8B587E6D1E6851E000DBA276 /* Application de ouf */ = {
			isa = PBXNativeTarget;
			buildConfigurationList = 8B587E961E6851EA00DBA276 /* Build configuration list for PBXNativeTarget "Application de ouf" */;
			buildPhases = (
				8B587E6A1E6851E000DBA276 /* Sources */,
				8B587E6B1E6851E000DBA276 /* Frameworks */,
				8B587E6C1E6851E000DBA276 /* Resources */,
			);
			buildRules = (
			);
			dependencies = (
			);
			name = "Application de ouf";
			productName = "Application de ouf";
			productReference = 8B587E6E1E6851E900DBA276 /* Application de ouf.app */;
			productType = "com.apple.product-type.application";
		};
		8B587E811E6851E900DBA276 /* Application de oufTests */ = {
			isa = PBXNativeTarget;
			buildConfigurationList = 8B587E991E6851EA00DBA276 /* Build configuration list for PBXNativeTarget "Application de oufTests" */;
			buildPhases = (
				8B587E7E1E6851E900DBA276 /* Sources */,
				8B587E7F1E6851E900DBA276 /* Frameworks */,
				8B587E801E6851E900DBA276 /* Resources */,
			);
			buildRules = (
			);
			dependencies = (
				8B587E841E6851E900DBA276 /* PBXTargetDependency */,
			);
			name = "Application de oufTests";
			productName = "Application de oufTests";
			productReference = 8B587E821E6851E900DBA276 /* Application de oufTests.xctest */;
			productType = "com.apple.product-type.bundle.unit-test";
		};
		8B587E8C1E6851E900DBA276 /* Application de oufUITests */ = {
			isa = PBXNativeTarget;
			buildConfigurationList = 8B587E9C1E6851EA00DBA276 /* Build configuration list for PBXNativeTarget "Application de oufUITests" */;
			buildPhases = (
				8B587E891E6851E900DBA276 /* Sources */,
				8B587E8A1E6851E900DBA276 /* Frameworks */,
				8B587E8B1E6851E900DBA276 /* Resources */,
			);
			buildRules = (
			);
			dependencies = (
				8B587E8F1E6851E900DBA276 /* PBXTargetDependency */,
			);
			name = "Application de oufUITests";
			productName = "Application de oufUITests";
			productReference = 8B587E8D1E6851E900DBA276 /* Application de oufUITests.xctest */;
			productType = "com.apple.product-type.bundle.ui-testing";
		};
/* End PBXNativeTarget section */

/* Begin PBXProject section */
		8B587E661E6851E000DBA276 /* Project object */ = {
			isa = PBXProject;
			attributes = {
				LastSwiftUpdateCheck = 0800;
				LastUpgradeCheck = 0800;
				ORGANIZATIONNAME = Developer;
				TargetAttributes = {
					8B587E6D1E6851E000DBA276 = {
						CreatedOnToolsVersion = 8.0;
						ProvisioningStyle = Automatic;
					};
					8B587E811E6851E900DBA276 = {
						CreatedOnToolsVersion = 8.0;
						ProvisioningStyle = Automatic;
						TestTargetID = 8B587E6D1E6851E000DBA276;
					};
					8B587E8C1E6851E900DBA276 = {
						CreatedOnToolsVersion = 8.0;
						ProvisioningStyle = Automatic;
						TestTargetID = 8B587E6D1E6851E000DBA276;
					};
				};
			};
			buildConfigurationList = 8B587E691E6851E000DBA276 /* Build configuration list for PBXProject "Application de ouf" */;
			compatibilityVersion = "Xcode 3.2";
			developmentRegion = English;
			hasScannedForEncodings = 0;
			knownRegions = (
				en,
				Base,
			);
			mainGroup = 8B587E651E6851E000DBA276;
			productRefGroup = 8B587E6F1E6851E900DBA276 /* Products */;
			projectDirPath = "";
			projectRoot = "";
			targets = (
				8B587E6D1E6851E000DBA276 /* Application de ouf */,
				8B587E811E6851E900DBA276 /* Application de oufTests */,
				8B587E8C1E6851E900DBA276 /* Application de oufUITests */,
			);
		};
/* End PBXProject section */

/* Begin PBXResourcesBuildPhase section */
		8B587E6C1E6851E000DBA276 /* Resources */ = {
			isa = PBXResourcesBuildPhase;
			buildActionMask = 2147483647;
			files = (
				8B587E7C1E6851E900DBA276 /* LaunchScreen.storyboard in Resources */,
				8B587E791E6851E900DBA276 /* Assets.xcassets in Resources */,
				8B587E771E6851E900DBA276 /* Main.storyboard in Resources */,
			);
			runOnlyForDeploymentPostprocessing = 0;
		};
		8B587E801E6851E900DBA276 /* Resources */ = {
			isa = PBXResourcesBuildPhase;
			buildActionMask = 2147483647;
			files = (
			);
			runOnlyForDeploymentPostprocessing = 0;
		};
		8B587E8B1E6851E900DBA276 /* Resources */ = {
			isa = PBXResourcesBuildPhase;
			buildActionMask = 2147483647;
			files = (
			);
			runOnlyForDeploymentPostprocessing = 0;
		};
/* End PBXResourcesBuildPhase section */

/* Begin PBXSourcesBuildPhase section */
		8B587E6A1E6851E000DBA276 /* Sources */ = {
			isa = PBXSourcesBuildPhase;
			buildActionMask = 2147483647;
			files = (
				8B7F09201E83E26E00C12BE7 /* PickerViewController.swift in Sources */,
				8B99E3F11E83DFF400B874C3 /* Ranger.swift in Sources */,
				8BA1CD7C1E7BEECF00565F9F /* Statistique.swift in Sources */,
				8BA1CD821E83DDC300565F9F /* Barbare.swift in Sources */,
				8BA1CD961E83E23A00565F9F /* Ogre.swift in Sources */,
				8BA1CD8E1E83E0AC00565F9F /* Orque.swift in Sources */,
				8B587E741E6851E900DBA276 /* ViewController.swift in Sources */,
				8BA1CD841E83DE2400565F9F /* Nain.swift in Sources */,
				8BA1CD8A1E83E01100565F9F /* ElfeSylvain.swift in Sources */,
				8BA1CD881E83DFBA00565F9F /* DemiElfe.swift in Sources */,
				8B587E721E6851E900DBA276 /* AppDelegate.swift in Sources */,
				8BA1CD901E83E10500565F9F /* DemiOrque.swift in Sources */,
				8B99E3E51E83D14100B874C3 /* Guerrier.swift in Sources */,
				8B99E3F51E83E03900B874C3 /* Pirate.swift in Sources */,
				8B99E3E31E83CD6F00B874C3 /* Metier.swift in Sources */,
				8B99E3F91E83E08600B874C3 /* Ingenieur.swift in Sources */,
				8B99E3EB1E83DF7A00B874C3 /* Voleur.swift in Sources */,
				8B99E3F71E83E06000B874C3 /* Marchand.swift in Sources */,
				8B99E3E91E83DF3B00B874C3 /* Assassin.swift in Sources */,
				8BA1CD801E7BFC9F00565F9F /* Humain.swift in Sources */,
				8B99E3FB1E83E0A900B874C3 /* Noble.swift in Sources */,
				8B99E3F31E83E01C00B874C3 /* Menestrel.swift in Sources */,
				8BA1CD7E1E7BF28300565F9F /* Origin.swift in Sources */,
				8BA1CD981E83E28700565F9F /* Gnome.swift in Sources */,
				8BA1CD8C1E83E05C00565F9F /* ElfeNoir.swift in Sources */,
				8BA1CD941E83E1E800565F9F /* SemieHomme.swift in Sources */,
				8BA1CD921E83E16100565F9F /* Gobelin.swift in Sources */,
				8BA1CD861E83DEBD00565F9F /* HautElfe.swift in Sources */,
				8B99E3EF1E83DFD100B874C3 /* Paladin.swift in Sources */,
				8B99E3ED1E83DFA200B874C3 /* Pretre.swift in Sources */,
				8B99E3E71E83DEAE00B874C3 /* Mage.swift in Sources */,
			);
			runOnlyForDeploymentPostprocessing = 0;
		};
		8B587E7E1E6851E900DBA276 /* Sources */ = {
			isa = PBXSourcesBuildPhase;
			buildActionMask = 2147483647;
			files = (
				8B587E871E6851E900DBA276 /* Application_de_oufTests.swift in Sources */,
			);
			runOnlyForDeploymentPostprocessing = 0;
		};
		8B587E891E6851E900DBA276 /* Sources */ = {
			isa = PBXSourcesBuildPhase;
			buildActionMask = 2147483647;
			files = (
				8B587E921E6851E900DBA276 /* Application_de_oufUITests.swift in Sources */,
			);
			runOnlyForDeploymentPostprocessing = 0;
		};
/* End PBXSourcesBuildPhase section */

/* Begin PBXTargetDependency section */
		8B587E841E6851E900DBA276 /* PBXTargetDependency */ = {
			isa = PBXTargetDependency;
			target = 8B587E6D1E6851E000DBA276 /* Application de ouf */;
			targetProxy = 8B587E831E6851E900DBA276 /* PBXContainerItemProxy */;
		};
		8B587E8F1E6851E900DBA276 /* PBXTargetDependency */ = {
			isa = PBXTargetDependency;
			target = 8B587E6D1E6851E000DBA276 /* Application de ouf */;
			targetProxy = 8B587E8E1E6851E900DBA276 /* PBXContainerItemProxy */;
		};
/* End PBXTargetDependency section */

/* Begin PBXVariantGroup section */
		8B587E751E6851E900DBA276 /* Main.storyboard */ = {
			isa = PBXVariantGroup;
			children = (
				8B587E761E6851E900DBA276 /* Base */,
			);
			name = Main.storyboard;
			sourceTree = "<group>";
		};
		8B587E7A1E6851E900DBA276 /* LaunchScreen.storyboard */ = {
			isa = PBXVariantGroup;
			children = (
				8B587E7B1E6851E900DBA276 /* Base */,
			);
			name = LaunchScreen.storyboard;
			sourceTree = "<group>";
		};
/* End PBXVariantGroup section */

/* Begin XCBuildConfiguration section */
		8B587E941E6851EA00DBA276 /* Debug */ = {
			isa = XCBuildConfiguration;
			buildSettings = {
				ALWAYS_SEARCH_USER_PATHS = NO;
				CLANG_ANALYZER_NONNULL = YES;
				CLANG_CXX_LANGUAGE_STANDARD = "gnu++0x";
				CLANG_CXX_LIBRARY = "libc++";
				CLANG_ENABLE_MODULES = YES;
				CLANG_ENABLE_OBJC_ARC = YES;
				CLANG_WARN_BOOL_CONVERSION = YES;
				CLANG_WARN_CONSTANT_CONVERSION = YES;
				CLANG_WARN_DIRECT_OBJC_ISA_USAGE = YES_ERROR;
				CLANG_WARN_DOCUMENTATION_COMMENTS = YES;
				CLANG_WARN_EMPTY_BODY = YES;
				CLANG_WARN_ENUM_CONVERSION = YES;
				CLANG_WARN_INFINITE_RECURSION = YES;
				CLANG_WARN_INT_CONVERSION = YES;
				CLANG_WARN_OBJC_ROOT_CLASS = YES_ERROR;
				CLANG_WARN_SUSPICIOUS_MOVES = YES;
				CLANG_WARN_UNREACHABLE_CODE = YES;
				CLANG_WARN__DUPLICATE_METHOD_MATCH = YES;
				"CODE_SIGN_IDENTITY[sdk=iphoneos*]" = "iPhone Developer";
				COPY_PHASE_STRIP = NO;
				DEBUG_INFORMATION_FORMAT = dwarf;
				ENABLE_STRICT_OBJC_MSGSEND = YES;
				ENABLE_TESTABILITY = YES;
				GCC_C_LANGUAGE_STANDARD = gnu99;
				GCC_DYNAMIC_NO_PIC = NO;
				GCC_NO_COMMON_BLOCKS = YES;
				GCC_OPTIMIZATION_LEVEL = 0;
				GCC_PREPROCESSOR_DEFINITIONS = (
					"DEBUG=1",
					"$(inherited)",
				);
				GCC_WARN_64_TO_32_BIT_CONVERSION = YES;
				GCC_WARN_ABOUT_RETURN_TYPE = YES_ERROR;
				GCC_WARN_UNDECLARED_SELECTOR = YES;
				GCC_WARN_UNINITIALIZED_AUTOS = YES_AGGRESSIVE;
				GCC_WARN_UNUSED_FUNCTION = YES;
				GCC_WARN_UNUSED_VARIABLE = YES;
				IPHONEOS_DEPLOYMENT_TARGET = 10.0;
				MTL_ENABLE_DEBUG_INFO = YES;
				ONLY_ACTIVE_ARCH = YES;
				SDKROOT = iphoneos;
				SWIFT_ACTIVE_COMPILATION_CONDITIONS = DEBUG;
				SWIFT_OPTIMIZATION_LEVEL = "-Onone";
				TARGETED_DEVICE_FAMILY = "1,2";
			};
			name = Debug;
		};
		8B587E951E6851EA00DBA276 /* Release */ = {
			isa = XCBuildConfiguration;
			buildSettings = {
				ALWAYS_SEARCH_USER_PATHS = NO;
				CLANG_ANALYZER_NONNULL = YES;
				CLANG_CXX_LANGUAGE_STANDARD = "gnu++0x";
				CLANG_CXX_LIBRARY = "libc++";
				CLANG_ENABLE_MODULES = YES;
				CLANG_ENABLE_OBJC_ARC = YES;
				CLANG_WARN_BOOL_CONVERSION = YES;
				CLANG_WARN_CONSTANT_CONVERSION = YES;
				CLANG_WARN_DIRECT_OBJC_ISA_USAGE = YES_ERROR;
				CLANG_WARN_DOCUMENTATION_COMMENTS = YES;
				CLANG_WARN_EMPTY_BODY = YES;
				CLANG_WARN_ENUM_CONVERSION = YES;
				CLANG_WARN_INFINITE_RECURSION = YES;
				CLANG_WARN_INT_CONVERSION = YES;
				CLANG_WARN_OBJC_ROOT_CLASS = YES_ERROR;
				CLANG_WARN_SUSPICIOUS_MOVES = YES;
				CLANG_WARN_UNREACHABLE_CODE = YES;
				CLANG_WARN__DUPLICATE_METHOD_MATCH = YES;
				"CODE_SIGN_IDENTITY[sdk=iphoneos*]" = "iPhone Developer";
				COPY_PHASE_STRIP = NO;
				DEBUG_INFORMATION_FORMAT = "dwarf-with-dsym";
				ENABLE_NS_ASSERTIONS = NO;
				ENABLE_STRICT_OBJC_MSGSEND = YES;
				GCC_C_LANGUAGE_STANDARD = gnu99;
				GCC_NO_COMMON_BLOCKS = YES;
				GCC_WARN_64_TO_32_BIT_CONVERSION = YES;
				GCC_WARN_ABOUT_RETURN_TYPE = YES_ERROR;
				GCC_WARN_UNDECLARED_SELECTOR = YES;
				GCC_WARN_UNINITIALIZED_AUTOS = YES_AGGRESSIVE;
				GCC_WARN_UNUSED_FUNCTION = YES;
				GCC_WARN_UNUSED_VARIABLE = YES;
				IPHONEOS_DEPLOYMENT_TARGET = 10.0;
				MTL_ENABLE_DEBUG_INFO = NO;
				SDKROOT = iphoneos;
				SWIFT_OPTIMIZATION_LEVEL = "-Owholemodule";
				TARGETED_DEVICE_FAMILY = "1,2";
				VALIDATE_PRODUCT = YES;
			};
			name = Release;
		};
		8B587E971E6851EA00DBA276 /* Debug */ = {
			isa = XCBuildConfiguration;
			buildSettings = {
				ASSETCATALOG_COMPILER_APPICON_NAME = AppIcon;
				INFOPLIST_FILE = "Application de ouf/Info.plist";
				LD_RUNPATH_SEARCH_PATHS = "$(inherited) @executable_path/Frameworks";
				PRODUCT_BUNDLE_IDENTIFIER = "com.ingesup.Application-de-ouf";
				PRODUCT_NAME = "$(TARGET_NAME)";
				SWIFT_VERSION = 3.0;
			};
			name = Debug;
		};
		8B587E981E6851EA00DBA276 /* Release */ = {
			isa = XCBuildConfiguration;
			buildSettings = {
				ASSETCATALOG_COMPILER_APPICON_NAME = AppIcon;
				INFOPLIST_FILE = "Application de ouf/Info.plist";
				LD_RUNPATH_SEARCH_PATHS = "$(inherited) @executable_path/Frameworks";
				PRODUCT_BUNDLE_IDENTIFIER = "com.ingesup.Application-de-ouf";
				PRODUCT_NAME = "$(TARGET_NAME)";
				SWIFT_VERSION = 3.0;
			};
			name = Release;
		};
		8B587E9A1E6851EA00DBA276 /* Debug */ = {
			isa = XCBuildConfiguration;
			buildSettings = {
				ALWAYS_EMBED_SWIFT_STANDARD_LIBRARIES = YES;
				BUNDLE_LOADER = "$(TEST_HOST)";
				INFOPLIST_FILE = "Application de oufTests/Info.plist";
				LD_RUNPATH_SEARCH_PATHS = "$(inherited) @executable_path/Frameworks @loader_path/Frameworks";
				PRODUCT_BUNDLE_IDENTIFIER = "com.ingesup.Application-de-oufTests";
				PRODUCT_NAME = "$(TARGET_NAME)";
				SWIFT_VERSION = 3.0;
				TEST_HOST = "$(BUILT_PRODUCTS_DIR)/Application de ouf.app/Application de ouf";
			};
			name = Debug;
		};
		8B587E9B1E6851EA00DBA276 /* Release */ = {
			isa = XCBuildConfiguration;
			buildSettings = {
				ALWAYS_EMBED_SWIFT_STANDARD_LIBRARIES = YES;
				BUNDLE_LOADER = "$(TEST_HOST)";
				INFOPLIST_FILE = "Application de oufTests/Info.plist";
				LD_RUNPATH_SEARCH_PATHS = "$(inherited) @executable_path/Frameworks @loader_path/Frameworks";
				PRODUCT_BUNDLE_IDENTIFIER = "com.ingesup.Application-de-oufTests";
				PRODUCT_NAME = "$(TARGET_NAME)";
				SWIFT_VERSION = 3.0;
				TEST_HOST = "$(BUILT_PRODUCTS_DIR)/Application de ouf.app/Application de ouf";
			};
			name = Release;
		};
		8B587E9D1E6851EA00DBA276 /* Debug */ = {
			isa = XCBuildConfiguration;
			buildSettings = {
				ALWAYS_EMBED_SWIFT_STANDARD_LIBRARIES = YES;
				INFOPLIST_FILE = "Application de oufUITests/Info.plist";
				LD_RUNPATH_SEARCH_PATHS = "$(inherited) @executable_path/Frameworks @loader_path/Frameworks";
				PRODUCT_BUNDLE_IDENTIFIER = "com.ingesup.Application-de-oufUITests";
				PRODUCT_NAME = "$(TARGET_NAME)";
				SWIFT_VERSION = 3.0;
				TEST_TARGET_NAME = "Application de ouf";
			};
			name = Debug;
		};
		8B587E9E1E6851EA00DBA276 /* Release */ = {
			isa = XCBuildConfiguration;
			buildSettings = {
				ALWAYS_EMBED_SWIFT_STANDARD_LIBRARIES = YES;
				INFOPLIST_FILE = "Application de oufUITests/Info.plist";
				LD_RUNPATH_SEARCH_PATHS = "$(inherited) @executable_path/Frameworks @loader_path/Frameworks";
				PRODUCT_BUNDLE_IDENTIFIER = "com.ingesup.Application-de-oufUITests";
				PRODUCT_NAME = "$(TARGET_NAME)";
				SWIFT_VERSION = 3.0;
				TEST_TARGET_NAME = "Application de ouf";
			};
			name = Release;
		};
/* End XCBuildConfiguration section */

/* Begin XCConfigurationList section */
		8B587E691E6851E000DBA276 /* Build configuration list for PBXProject "Application de ouf" */ = {
			isa = XCConfigurationList;
			buildConfigurations = (
				8B587E941E6851EA00DBA276 /* Debug */,
				8B587E951E6851EA00DBA276 /* Release */,
			);
			defaultConfigurationIsVisible = 0;
			defaultConfigurationName = Release;
		};
		8B587E961E6851EA00DBA276 /* Build configuration list for PBXNativeTarget "Application de ouf" */ = {
			isa = XCConfigurationList;
			buildConfigurations = (
				8B587E971E6851EA00DBA276 /* Debug */,
				8B587E981E6851EA00DBA276 /* Release */,
			);
			defaultConfigurationIsVisible = 0;
			defaultConfigurationName = Release;
		};
		8B587E991E6851EA00DBA276 /* Build configuration list for PBXNativeTarget "Application de oufTests" */ = {
			isa = XCConfigurationList;
			buildConfigurations = (
				8B587E9A1E6851EA00DBA276 /* Debug */,
				8B587E9B1E6851EA00DBA276 /* Release */,
			);
			defaultConfigurationIsVisible = 0;
			defaultConfigurationName = Release;
		};
		8B587E9C1E6851EA00DBA276 /* Build configuration list for PBXNativeTarget "Application de oufUITests" */ = {
			isa = XCConfigurationList;
			buildConfigurations = (
				8B587E9D1E6851EA00DBA276 /* Debug */,
				8B587E9E1E6851EA00DBA276 /* Release */,
			);
			defaultConfigurationIsVisible = 0;
			defaultConfigurationName = Release;
		};
/* End XCConfigurationList section */
	};
	rootObject = 8B587E661E6851E000DBA276 /* Project object */;
}
